// !$*UTF8*$!
{
	archiveVersion = 1;
	classes = {
	};
	objectVersion = 52;
	objects = {

/* Begin PBXBuildFile section */
		6CBDB41526E09B970034FFA4 /* MovieCell.swift in Sources */ = {isa = PBXBuildFile; fileRef = 6CBDB41426E09B970034FFA4 /* MovieCell.swift */; };
		6CBDB41826E0A7800034FFA4 /* AlamofireImage in Frameworks */ = {isa = PBXBuildFile; productRef = 6CBDB41726E0A7800034FFA4 /* AlamofireImage */; };
		6CC3705126DDC1B000A2606A /* AppDelegate.swift in Sources */ = {isa = PBXBuildFile; fileRef = 6CC3705026DDC1B000A2606A /* AppDelegate.swift */; };
		6CC3705326DDC1B000A2606A /* SceneDelegate.swift in Sources */ = {isa = PBXBuildFile; fileRef = 6CC3705226DDC1B000A2606A /* SceneDelegate.swift */; };
		6CC3705826DDC1B000A2606A /* Main.storyboard in Resources */ = {isa = PBXBuildFile; fileRef = 6CC3705626DDC1B000A2606A /* Main.storyboard */; };
		6CC3705A26DDC1B300A2606A /* Assets.xcassets in Resources */ = {isa = PBXBuildFile; fileRef = 6CC3705926DDC1B300A2606A /* Assets.xcassets */; };
		6CC3705D26DDC1B300A2606A /* LaunchScreen.storyboard in Resources */ = {isa = PBXBuildFile; fileRef = 6CC3705B26DDC1B300A2606A /* LaunchScreen.storyboard */; };
		6CC3706826DDC1B300A2606A /* FlixTests.swift in Sources */ = {isa = PBXBuildFile; fileRef = 6CC3706726DDC1B300A2606A /* FlixTests.swift */; };
		6CC3707326DDC1B300A2606A /* FlixUITests.swift in Sources */ = {isa = PBXBuildFile; fileRef = 6CC3707226DDC1B300A2606A /* FlixUITests.swift */; };
		6CC3708126DDC95400A2606A /* MoviesViewController.swift in Sources */ = {isa = PBXBuildFile; fileRef = 6CC3708026DDC95400A2606A /* MoviesViewController.swift */; };
		6CEF845B26F4A6140068C561 /* MovieDetailsViewController.swift in Sources */ = {isa = PBXBuildFile; fileRef = 6CEF845A26F4A6140068C561 /* MovieDetailsViewController.swift */; };
		6CEF845D26F68A230068C561 /* MovieGridViewController.swift in Sources */ = {isa = PBXBuildFile; fileRef = 6CEF845C26F68A230068C561 /* MovieGridViewController.swift */; };
		6CEF845F26F6D0B60068C561 /* MovieGridCell.swift in Sources */ = {isa = PBXBuildFile; fileRef = 6CEF845E26F6D0B60068C561 /* MovieGridCell.swift */; };
/* End PBXBuildFile section */

/* Begin PBXContainerItemProxy section */
		6CC3706426DDC1B300A2606A /* PBXContainerItemProxy */ = {
			isa = PBXContainerItemProxy;
			containerPortal = 6CC3704526DDC1B000A2606A /* Project object */;
			proxyType = 1;
			remoteGlobalIDString = 6CC3704C26DDC1B000A2606A;
			remoteInfo = Flix;
		};
		6CC3706F26DDC1B300A2606A /* PBXContainerItemProxy */ = {
			isa = PBXContainerItemProxy;
			containerPortal = 6CC3704526DDC1B000A2606A /* Project object */;
			proxyType = 1;
			remoteGlobalIDString = 6CC3704C26DDC1B000A2606A;
			remoteInfo = Flix;
		};
/* End PBXContainerItemProxy section */

/* Begin PBXFileReference section */
		6CBDB41426E09B970034FFA4 /* MovieCell.swift */ = {isa = PBXFileReference; lastKnownFileType = sourcecode.swift; path = MovieCell.swift; sourceTree = "<group>"; };
		6CC3704D26DDC1B000A2606A /* Flix.app */ = {isa = PBXFileReference; explicitFileType = wrapper.application; includeInIndex = 0; path = Flix.app; sourceTree = BUILT_PRODUCTS_DIR; };
		6CC3705026DDC1B000A2606A /* AppDelegate.swift */ = {isa = PBXFileReference; lastKnownFileType = sourcecode.swift; path = AppDelegate.swift; sourceTree = "<group>"; };
		6CC3705226DDC1B000A2606A /* SceneDelegate.swift */ = {isa = PBXFileReference; lastKnownFileType = sourcecode.swift; path = SceneDelegate.swift; sourceTree = "<group>"; };
		6CC3705726DDC1B000A2606A /* Base */ = {isa = PBXFileReference; lastKnownFileType = file.storyboard; name = Base; path = Base.lproj/Main.storyboard; sourceTree = "<group>"; };
		6CC3705926DDC1B300A2606A /* Assets.xcassets */ = {isa = PBXFileReference; lastKnownFileType = folder.assetcatalog; path = Assets.xcassets; sourceTree = "<group>"; };
		6CC3705C26DDC1B300A2606A /* Base */ = {isa = PBXFileReference; lastKnownFileType = file.storyboard; name = Base; path = Base.lproj/LaunchScreen.storyboard; sourceTree = "<group>"; };
		6CC3705E26DDC1B300A2606A /* Info.plist */ = {isa = PBXFileReference; lastKnownFileType = text.plist.xml; path = Info.plist; sourceTree = "<group>"; };
		6CC3706326DDC1B300A2606A /* FlixTests.xctest */ = {isa = PBXFileReference; explicitFileType = wrapper.cfbundle; includeInIndex = 0; path = FlixTests.xctest; sourceTree = BUILT_PRODUCTS_DIR; };
		6CC3706726DDC1B300A2606A /* FlixTests.swift */ = {isa = PBXFileReference; lastKnownFileType = sourcecode.swift; path = FlixTests.swift; sourceTree = "<group>"; };
		6CC3706926DDC1B300A2606A /* Info.plist */ = {isa = PBXFileReference; lastKnownFileType = text.plist.xml; path = Info.plist; sourceTree = "<group>"; };
		6CC3706E26DDC1B300A2606A /* FlixUITests.xctest */ = {isa = PBXFileReference; explicitFileType = wrapper.cfbundle; includeInIndex = 0; path = FlixUITests.xctest; sourceTree = BUILT_PRODUCTS_DIR; };
		6CC3707226DDC1B300A2606A /* FlixUITests.swift */ = {isa = PBXFileReference; lastKnownFileType = sourcecode.swift; path = FlixUITests.swift; sourceTree = "<group>"; };
		6CC3707426DDC1B300A2606A /* Info.plist */ = {isa = PBXFileReference; lastKnownFileType = text.plist.xml; path = Info.plist; sourceTree = "<group>"; };
		6CC3708026DDC95400A2606A /* MoviesViewController.swift */ = {isa = PBXFileReference; lastKnownFileType = sourcecode.swift; path = MoviesViewController.swift; sourceTree = "<group>"; };
		6CEF845A26F4A6140068C561 /* MovieDetailsViewController.swift */ = {isa = PBXFileReference; lastKnownFileType = sourcecode.swift; path = MovieDetailsViewController.swift; sourceTree = "<group>"; };
		6CEF845C26F68A230068C561 /* MovieGridViewController.swift */ = {isa = PBXFileReference; lastKnownFileType = sourcecode.swift; path = MovieGridViewController.swift; sourceTree = "<group>"; };
		6CEF845E26F6D0B60068C561 /* MovieGridCell.swift */ = {isa = PBXFileReference; lastKnownFileType = sourcecode.swift; path = MovieGridCell.swift; sourceTree = "<group>"; };
/* End PBXFileReference section */

/* Begin PBXFrameworksBuildPhase section */
		6CC3704A26DDC1B000A2606A /* Frameworks */ = {
			isa = PBXFrameworksBuildPhase;
			buildActionMask = 2147483647;
			files = (
				6CBDB41826E0A7800034FFA4 /* AlamofireImage in Frameworks */,
			);
			runOnlyForDeploymentPostprocessing = 0;
		};
		6CC3706026DDC1B300A2606A /* Frameworks */ = {
			isa = PBXFrameworksBuildPhase;
			buildActionMask = 2147483647;
			files = (
			);
			runOnlyForDeploymentPostprocessing = 0;
		};
		6CC3706B26DDC1B300A2606A /* Frameworks */ = {
			isa = PBXFrameworksBuildPhase;
			buildActionMask = 2147483647;
			files = (
			);
			runOnlyForDeploymentPostprocessing = 0;
		};
/* End PBXFrameworksBuildPhase section */

/* Begin PBXGroup section */
		6CC3704426DDC1B000A2606A = {
			isa = PBXGroup;
			children = (
				6CC3704F26DDC1B000A2606A /* Flix */,
				6CC3706626DDC1B300A2606A /* FlixTests */,
				6CC3707126DDC1B300A2606A /* FlixUITests */,
				6CC3704E26DDC1B000A2606A /* Products */,
			);
			sourceTree = "<group>";
		};
		6CC3704E26DDC1B000A2606A /* Products */ = {
			isa = PBXGroup;
			children = (
				6CC3704D26DDC1B000A2606A /* Flix.app */,
				6CC3706326DDC1B300A2606A /* FlixTests.xctest */,
				6CC3706E26DDC1B300A2606A /* FlixUITests.xctest */,
			);
			name = Products;
			sourceTree = "<group>";
		};
		6CC3704F26DDC1B000A2606A /* Flix */ = {
			isa = PBXGroup;
			children = (
				6CC3705026DDC1B000A2606A /* AppDelegate.swift */,
				6CC3705226DDC1B000A2606A /* SceneDelegate.swift */,
				6CC3705626DDC1B000A2606A /* Main.storyboard */,
				6CC3708026DDC95400A2606A /* MoviesViewController.swift */,
				6CBDB41426E09B970034FFA4 /* MovieCell.swift */,
				6CEF845C26F68A230068C561 /* MovieGridViewController.swift */,
				6CEF845E26F6D0B60068C561 /* MovieGridCell.swift */,
				6CEF845A26F4A6140068C561 /* MovieDetailsViewController.swift */,
				6CC3705926DDC1B300A2606A /* Assets.xcassets */,
				6CC3705B26DDC1B300A2606A /* LaunchScreen.storyboard */,
				6CC3705E26DDC1B300A2606A /* Info.plist */,
			);
			path = Flix;
			sourceTree = "<group>";
		};
		6CC3706626DDC1B300A2606A /* FlixTests */ = {
			isa = PBXGroup;
			children = (
				6CC3706726DDC1B300A2606A /* FlixTests.swift */,
				6CC3706926DDC1B300A2606A /* Info.plist */,
			);
			path = FlixTests;
			sourceTree = "<group>";
		};
		6CC3707126DDC1B300A2606A /* FlixUITests */ = {
			isa = PBXGroup;
			children = (
				6CC3707226DDC1B300A2606A /* FlixUITests.swift */,
				6CC3707426DDC1B300A2606A /* Info.plist */,
			);
			path = FlixUITests;
			sourceTree = "<group>";
		};
/* End PBXGroup section */

/* Begin PBXNativeTarget section */
		6CC3704C26DDC1B000A2606A /* Flix */ = {
			isa = PBXNativeTarget;
			buildConfigurationList = 6CC3707726DDC1B300A2606A /* Build configuration list for PBXNativeTarget "Flix" */;
			buildPhases = (
				6CC3704926DDC1B000A2606A /* Sources */,
				6CC3704A26DDC1B000A2606A /* Frameworks */,
				6CC3704B26DDC1B000A2606A /* Resources */,
			);
			buildRules = (
			);
			dependencies = (
			);
			name = Flix;
			packageProductDependencies = (
				6CBDB41726E0A7800034FFA4 /* AlamofireImage */,
			);
			productName = Flix;
			productReference = 6CC3704D26DDC1B000A2606A /* Flix.app */;
			productType = "com.apple.product-type.application";
		};
		6CC3706226DDC1B300A2606A /* FlixTests */ = {
			isa = PBXNativeTarget;
			buildConfigurationList = 6CC3707A26DDC1B300A2606A /* Build configuration list for PBXNativeTarget "FlixTests" */;
			buildPhases = (
				6CC3705F26DDC1B300A2606A /* Sources */,
				6CC3706026DDC1B300A2606A /* Frameworks */,
				6CC3706126DDC1B300A2606A /* Resources */,
			);
			buildRules = (
			);
			dependencies = (
				6CC3706526DDC1B300A2606A /* PBXTargetDependency */,
			);
			name = FlixTests;
			productName = FlixTests;
			productReference = 6CC3706326DDC1B300A2606A /* FlixTests.xctest */;
			productType = "com.apple.product-type.bundle.unit-test";
		};
		6CC3706D26DDC1B300A2606A /* FlixUITests */ = {
			isa = PBXNativeTarget;
			buildConfigurationList = 6CC3707D26DDC1B300A2606A /* Build configuration list for PBXNativeTarget "FlixUITests" */;
			buildPhases = (
				6CC3706A26DDC1B300A2606A /* Sources */,
				6CC3706B26DDC1B300A2606A /* Frameworks */,
				6CC3706C26DDC1B300A2606A /* Resources */,
			);
			buildRules = (
			);
			dependencies = (
				6CC3707026DDC1B300A2606A /* PBXTargetDependency */,
			);
			name = FlixUITests;
			productName = FlixUITests;
			productReference = 6CC3706E26DDC1B300A2606A /* FlixUITests.xctest */;
			productType = "com.apple.product-type.bundle.ui-testing";
		};
/* End PBXNativeTarget section */

/* Begin PBXProject section */
		6CC3704526DDC1B000A2606A /* Project object */ = {
			isa = PBXProject;
			attributes = {
				LastSwiftUpdateCheck = 1250;
				LastUpgradeCheck = 1250;
				TargetAttributes = {
					6CC3704C26DDC1B000A2606A = {
						CreatedOnToolsVersion = 12.5.1;
					};
					6CC3706226DDC1B300A2606A = {
						CreatedOnToolsVersion = 12.5.1;
						TestTargetID = 6CC3704C26DDC1B000A2606A;
					};
					6CC3706D26DDC1B300A2606A = {
						CreatedOnToolsVersion = 12.5.1;
						TestTargetID = 6CC3704C26DDC1B000A2606A;
					};
				};
			};
			buildConfigurationList = 6CC3704826DDC1B000A2606A /* Build configuration list for PBXProject "Flix" */;
			compatibilityVersion = "Xcode 9.3";
			developmentRegion = en;
			hasScannedForEncodings = 0;
			knownRegions = (
				en,
				Base,
			);
			mainGroup = 6CC3704426DDC1B000A2606A;
			packageReferences = (
				6CBDB41626E0A7800034FFA4 /* XCRemoteSwiftPackageReference "AlamofireImage" */,
			);
			productRefGroup = 6CC3704E26DDC1B000A2606A /* Products */;
			projectDirPath = "";
			projectRoot = "";
			targets = (
				6CC3704C26DDC1B000A2606A /* Flix */,
				6CC3706226DDC1B300A2606A /* FlixTests */,
				6CC3706D26DDC1B300A2606A /* FlixUITests */,
			);
		};
/* End PBXProject section */

/* Begin PBXResourcesBuildPhase section */
		6CC3704B26DDC1B000A2606A /* Resources */ = {
			isa = PBXResourcesBuildPhase;
			buildActionMask = 2147483647;
			files = (
				6CC3705D26DDC1B300A2606A /* LaunchScreen.storyboard in Resources */,
				6CC3705A26DDC1B300A2606A /* Assets.xcassets in Resources */,
				6CC3705826DDC1B000A2606A /* Main.storyboard in Resources */,
			);
			runOnlyForDeploymentPostprocessing = 0;
		};
		6CC3706126DDC1B300A2606A /* Resources */ = {
			isa = PBXResourcesBuildPhase;
			buildActionMask = 2147483647;
			files = (
			);
			runOnlyForDeploymentPostprocessing = 0;
		};
		6CC3706C26DDC1B300A2606A /* Resources */ = {
			isa = PBXResourcesBuildPhase;
			buildActionMask = 2147483647;
			files = (
			);
			runOnlyForDeploymentPostprocessing = 0;
		};
/* End PBXResourcesBuildPhase section */

/* Begin PBXSourcesBuildPhase section */
		6CC3704926DDC1B000A2606A /* Sources */ = {
			isa = PBXSourcesBuildPhase;
			buildActionMask = 2147483647;
			files = (
				6CEF845B26F4A6140068C561 /* MovieDetailsViewController.swift in Sources */,
				6CC3705126DDC1B000A2606A /* AppDelegate.swift in Sources */,
				6CC3705326DDC1B000A2606A /* SceneDelegate.swift in Sources */,
				6CBDB41526E09B970034FFA4 /* MovieCell.swift in Sources */,
				6CC3708126DDC95400A2606A /* MoviesViewController.swift in Sources */,
				6CEF845D26F68A230068C561 /* MovieGridViewController.swift in Sources */,
				6CEF845F26F6D0B60068C561 /* MovieGridCell.swift in Sources */,
			);
			runOnlyForDeploymentPostprocessing = 0;
		};
		6CC3705F26DDC1B300A2606A /* Sources */ = {
			isa = PBXSourcesBuildPhase;
			buildActionMask = 2147483647;
			files = (
				6CC3706826DDC1B300A2606A /* FlixTests.swift in Sources */,
			);
			runOnlyForDeploymentPostprocessing = 0;
		};
		6CC3706A26DDC1B300A2606A /* Sources */ = {
			isa = PBXSourcesBuildPhase;
			buildActionMask = 2147483647;
			files = (
				6CC3707326DDC1B300A2606A /* FlixUITests.swift in Sources */,
			);
			runOnlyForDeploymentPostprocessing = 0;
		};
/* End PBXSourcesBuildPhase section */

/* Begin PBXTargetDependency section */
		6CC3706526DDC1B300A2606A /* PBXTargetDependency */ = {
			isa = PBXTargetDependency;
			target = 6CC3704C26DDC1B000A2606A /* Flix */;
			targetProxy = 6CC3706426DDC1B300A2606A /* PBXContainerItemProxy */;
		};
		6CC3707026DDC1B300A2606A /* PBXTargetDependency */ = {
			isa = PBXTargetDependency;
			target = 6CC3704C26DDC1B000A2606A /* Flix */;
			targetProxy = 6CC3706F26DDC1B300A2606A /* PBXContainerItemProxy */;
		};
/* End PBXTargetDependency section */

/* Begin PBXVariantGroup section */
		6CC3705626DDC1B000A2606A /* Main.storyboard */ = {
			isa = PBXVariantGroup;
			children = (
				6CC3705726DDC1B000A2606A /* Base */,
			);
			name = Main.storyboard;
			sourceTree = "<group>";
		};
		6CC3705B26DDC1B300A2606A /* LaunchScreen.storyboard */ = {
			isa = PBXVariantGroup;
			children = (
				6CC3705C26DDC1B300A2606A /* Base */,
			);
			name = LaunchScreen.storyboard;
			sourceTree = "<group>";
		};
/* End PBXVariantGroup section */

/* Begin XCBuildConfiguration section */
		6CC3707526DDC1B300A2606A /* Debug */ = {
			isa = XCBuildConfiguration;
			buildSettings = {
				ALWAYS_SEARCH_USER_PATHS = NO;
				CLANG_ANALYZER_NONNULL = YES;
				CLANG_ANALYZER_NUMBER_OBJECT_CONVERSION = YES_AGGRESSIVE;
				CLANG_CXX_LANGUAGE_STANDARD = "gnu++14";
				CLANG_CXX_LIBRARY = "libc++";
				CLANG_ENABLE_MODULES = YES;
				CLANG_ENABLE_OBJC_ARC = YES;
				CLANG_ENABLE_OBJC_WEAK = YES;
				CLANG_WARN_BLOCK_CAPTURE_AUTORELEASING = YES;
				CLANG_WARN_BOOL_CONVERSION = YES;
				CLANG_WARN_COMMA = YES;
				CLANG_WARN_CONSTANT_CONVERSION = YES;
				CLANG_WARN_DEPRECATED_OBJC_IMPLEMENTATIONS = YES;
				CLANG_WARN_DIRECT_OBJC_ISA_USAGE = YES_ERROR;
				CLANG_WARN_DOCUMENTATION_COMMENTS = YES;
				CLANG_WARN_EMPTY_BODY = YES;
				CLANG_WARN_ENUM_CONVERSION = YES;
				CLANG_WARN_INFINITE_RECURSION = YES;
				CLANG_WARN_INT_CONVERSION = YES;
				CLANG_WARN_NON_LITERAL_NULL_CONVERSION = YES;
				CLANG_WARN_OBJC_IMPLICIT_RETAIN_SELF = YES;
				CLANG_WARN_OBJC_LITERAL_CONVERSION = YES;
				CLANG_WARN_OBJC_ROOT_CLASS = YES_ERROR;
				CLANG_WARN_QUOTED_INCLUDE_IN_FRAMEWORK_HEADER = YES;
				CLANG_WARN_RANGE_LOOP_ANALYSIS = YES;
				CLANG_WARN_STRICT_PROTOTYPES = YES;
				CLANG_WARN_SUSPICIOUS_MOVE = YES;
				CLANG_WARN_UNGUARDED_AVAILABILITY = YES_AGGRESSIVE;
				CLANG_WARN_UNREACHABLE_CODE = YES;
				CLANG_WARN__DUPLICATE_METHOD_MATCH = YES;
				COPY_PHASE_STRIP = NO;
				DEBUG_INFORMATION_FORMAT = dwarf;
				ENABLE_STRICT_OBJC_MSGSEND = YES;
				ENABLE_TESTABILITY = YES;
				GCC_C_LANGUAGE_STANDARD = gnu11;
				GCC_DYNAMIC_NO_PIC = NO;
				GCC_NO_COMMON_BLOCKS = YES;
				GCC_OPTIMIZATION_LEVEL = 0;
				GCC_PREPROCESSOR_DEFINITIONS = (
					"DEBUG=1",
					"$(inherited)",
				);
				GCC_WARN_64_TO_32_BIT_CONVERSION = YES;
				GCC_WARN_ABOUT_RETURN_TYPE = YES_ERROR;
				GCC_WARN_UNDECLARED_SELECTOR = YES;
				GCC_WARN_UNINITIALIZED_AUTOS = YES_AGGRESSIVE;
				GCC_WARN_UNUSED_FUNCTION = YES;
				GCC_WARN_UNUSED_VARIABLE = YES;
				IPHONEOS_DEPLOYMENT_TARGET = 14.5;
				MTL_ENABLE_DEBUG_INFO = INCLUDE_SOURCE;
				MTL_FAST_MATH = YES;
				ONLY_ACTIVE_ARCH = YES;
				SDKROOT = iphoneos;
				SWIFT_ACTIVE_COMPILATION_CONDITIONS = DEBUG;
				SWIFT_OPTIMIZATION_LEVEL = "-Onone";
			};
			name = Debug;
		};
		6CC3707626DDC1B300A2606A /* Release */ = {
			isa = XCBuildConfiguration;
			buildSettings = {
				ALWAYS_SEARCH_USER_PATHS = NO;
				CLANG_ANALYZER_NONNULL = YES;
				CLANG_ANALYZER_NUMBER_OBJECT_CONVERSION = YES_AGGRESSIVE;
				CLANG_CXX_LANGUAGE_STANDARD = "gnu++14";
				CLANG_CXX_LIBRARY = "libc++";
				CLANG_ENABLE_MODULES = YES;
				CLANG_ENABLE_OBJC_ARC = YES;
				CLANG_ENABLE_OBJC_WEAK = YES;
				CLANG_WARN_BLOCK_CAPTURE_AUTORELEASING = YES;
				CLANG_WARN_BOOL_CONVERSION = YES;
				CLANG_WARN_COMMA = YES;
				CLANG_WARN_CONSTANT_CONVERSION = YES;
				CLANG_WARN_DEPRECATED_OBJC_IMPLEMENTATIONS = YES;
				CLANG_WARN_DIRECT_OBJC_ISA_USAGE = YES_ERROR;
				CLANG_WARN_DOCUMENTATION_COMMENTS = YES;
				CLANG_WARN_EMPTY_BODY = YES;
				CLANG_WARN_ENUM_CONVERSION = YES;
				CLANG_WARN_INFINITE_RECURSION = YES;
				CLANG_WARN_INT_CONVERSION = YES;
				CLANG_WARN_NON_LITERAL_NULL_CONVERSION = YES;
				CLANG_WARN_OBJC_IMPLICIT_RETAIN_SELF = YES;
				CLANG_WARN_OBJC_LITERAL_CONVERSION = YES;
				CLANG_WARN_OBJC_ROOT_CLASS = YES_ERROR;
				CLANG_WARN_QUOTED_INCLUDE_IN_FRAMEWORK_HEADER = YES;
				CLANG_WARN_RANGE_LOOP_ANALYSIS = YES;
				CLANG_WARN_STRICT_PROTOTYPES = YES;
				CLANG_WARN_SUSPICIOUS_MOVE = YES;
				CLANG_WARN_UNGUARDED_AVAILABILITY = YES_AGGRESSIVE;
				CLANG_WARN_UNREACHABLE_CODE = YES;
				CLANG_WARN__DUPLICATE_METHOD_MATCH = YES;
				COPY_PHASE_STRIP = NO;
				DEBUG_INFORMATION_FORMAT = "dwarf-with-dsym";
				ENABLE_NS_ASSERTIONS = NO;
				ENABLE_STRICT_OBJC_MSGSEND = YES;
				GCC_C_LANGUAGE_STANDARD = gnu11;
				GCC_NO_COMMON_BLOCKS = YES;
				GCC_WARN_64_TO_32_BIT_CONVERSION = YES;
				GCC_WARN_ABOUT_RETURN_TYPE = YES_ERROR;
				GCC_WARN_UNDECLARED_SELECTOR = YES;
				GCC_WARN_UNINITIALIZED_AUTOS = YES_AGGRESSIVE;
				GCC_WARN_UNUSED_FUNCTION = YES;
				GCC_WARN_UNUSED_VARIABLE = YES;
				IPHONEOS_DEPLOYMENT_TARGET = 14.5;
				MTL_ENABLE_DEBUG_INFO = NO;
				MTL_FAST_MATH = YES;
				SDKROOT = iphoneos;
				SWIFT_COMPILATION_MODE = wholemodule;
				SWIFT_OPTIMIZATION_LEVEL = "-O";
				VALIDATE_PRODUCT = YES;
			};
			name = Release;
		};
		6CC3707826DDC1B300A2606A /* Debug */ = {
			isa = XCBuildConfiguration;
			buildSettings = {
				ASSETCATALOG_COMPILER_APPICON_NAME = AppIcon;
				ASSETCATALOG_COMPILER_GLOBAL_ACCENT_COLOR_NAME = AccentColor;
				CODE_SIGN_STYLE = Automatic;
				DEVELOPMENT_TEAM = R4C652K6Y5;
				INFOPLIST_FILE = Flix/Info.plist;
				LD_RUNPATH_SEARCH_PATHS = (
					"$(inherited)",
					"@executable_path/Frameworks",
				);
				PRODUCT_BUNDLE_IDENTIFIER = com.murfasa.Flix;
				PRODUCT_NAME = "$(TARGET_NAME)";
				SWIFT_VERSION = 5.0;
				TARGETED_DEVICE_FAMILY = "1,2";
			};
			name = Debug;
		};
		6CC3707926DDC1B300A2606A /* Release */ = {
			isa = XCBuildConfiguration;
			buildSettings = {
				ASSETCATALOG_COMPILER_APPICON_NAME = AppIcon;
				ASSETCATALOG_COMPILER_GLOBAL_ACCENT_COLOR_NAME = AccentColor;
				CODE_SIGN_STYLE = Automatic;
				DEVELOPMENT_TEAM = R4C652K6Y5;
				INFOPLIST_FILE = Flix/Info.plist;
				LD_RUNPATH_SEARCH_PATHS = (
					"$(inherited)",
					"@executable_path/Frameworks",
				);
				PRODUCT_BUNDLE_IDENTIFIER = com.murfasa.Flix;
				PRODUCT_NAME = "$(TARGET_NAME)";
				SWIFT_VERSION = 5.0;
				TARGETED_DEVICE_FAMILY = "1,2";
			};
			name = Release;
		};
		6CC3707B26DDC1B300A2606A /* Debug */ = {
			isa = XCBuildConfiguration;
			buildSettings = {
				ALWAYS_EMBED_SWIFT_STANDARD_LIBRARIES = YES;
				BUNDLE_LOADER = "$(TEST_HOST)";
				CODE_SIGN_STYLE = Automatic;
				DEVELOPMENT_TEAM = R4C652K6Y5;
				INFOPLIST_FILE = FlixTests/Info.plist;
				IPHONEOS_DEPLOYMENT_TARGET = 14.5;
				LD_RUNPATH_SEARCH_PATHS = (
					"$(inherited)",
					"@executable_path/Frameworks",
					"@loader_path/Frameworks",
				);
				PRODUCT_BUNDLE_IDENTIFIER = com.murfasa.FlixTests;
				PRODUCT_NAME = "$(TARGET_NAME)";
				SWIFT_VERSION = 5.0;
				TARGETED_DEVICE_FAMILY = "1,2";
				TEST_HOST = "$(BUILT_PRODUCTS_DIR)/Flix.app/Flix";
			};
			name = Debug;
		};
		6CC3707C26DDC1B300A2606A /* Release */ = {
			isa = XCBuildConfiguration;
			buildSettings = {
				ALWAYS_EMBED_SWIFT_STANDARD_LIBRARIES = YES;
				BUNDLE_LOADER = "$(TEST_HOST)";
				CODE_SIGN_STYLE = Automatic;
				DEVELOPMENT_TEAM = R4C652K6Y5;
				INFOPLIST_FILE = FlixTests/Info.plist;
				IPHONEOS_DEPLOYMENT_TARGET = 14.5;
				LD_RUNPATH_SEARCH_PATHS = (
					"$(inherited)",
					"@executable_path/Frameworks",
					"@loader_path/Frameworks",
				);
				PRODUCT_BUNDLE_IDENTIFIER = com.murfasa.FlixTests;
				PRODUCT_NAME = "$(TARGET_NAME)";
				SWIFT_VERSION = 5.0;
				TARGETED_DEVICE_FAMILY = "1,2";
				TEST_HOST = "$(BUILT_PRODUCTS_DIR)/Flix.app/Flix";
			};
			name = Release;
		};
		6CC3707E26DDC1B300A2606A /* Debug */ = {
			isa = XCBuildConfiguration;
			buildSettings = {
				ALWAYS_EMBED_SWIFT_STANDARD_LIBRARIES = YES;
				CODE_SIGN_STYLE = Automatic;
				DEVELOPMENT_TEAM = R4C652K6Y5;
				INFOPLIST_FILE = FlixUITests/Info.plist;
				LD_RUNPATH_SEARCH_PATHS = (
					"$(inherited)",
					"@executable_path/Frameworks",
					"@loader_path/Frameworks",
				);
				PRODUCT_BUNDLE_IDENTIFIER = com.murfasa.FlixUITests;
				PRODUCT_NAME = "$(TARGET_NAME)";
				SWIFT_VERSION = 5.0;
				TARGETED_DEVICE_FAMILY = "1,2";
				TEST_TARGET_NAME = Flix;
			};
			name = Debug;
		};
		6CC3707F26DDC1B300A2606A /* Release */ = {
			isa = XCBuildConfiguration;
			buildSettings = {
				ALWAYS_EMBED_SWIFT_STANDARD_LIBRARIES = YES;
				CODE_SIGN_STYLE = Automatic;
				DEVELOPMENT_TEAM = R4C652K6Y5;
				INFOPLIST_FILE = FlixUITests/Info.plist;
				LD_RUNPATH_SEARCH_PATHS = (
					"$(inherited)",
					"@executable_path/Frameworks",
					"@loader_path/Frameworks",
				);
				PRODUCT_BUNDLE_IDENTIFIER = com.murfasa.FlixUITests;
				PRODUCT_NAME = "$(TARGET_NAME)";
				SWIFT_VERSION = 5.0;
				TARGETED_DEVICE_FAMILY = "1,2";
				TEST_TARGET_NAME = Flix;
			};
			name = Release;
		};
/* End XCBuildConfiguration section */

/* Begin XCConfigurationList section */
		6CC3704826DDC1B000A2606A /* Build configuration list for PBXProject "Flix" */ = {
			isa = XCConfigurationList;
			buildConfigurations = (
				6CC3707526DDC1B300A2606A /* Debug */,
				6CC3707626DDC1B300A2606A /* Release */,
			);
			defaultConfigurationIsVisible = 0;
			defaultConfigurationName = Release;
		};
		6CC3707726DDC1B300A2606A /* Build configuration list for PBXNativeTarget "Flix" */ = {
			isa = XCConfigurationList;
			buildConfigurations = (
				6CC3707826DDC1B300A2606A /* Debug */,
				6CC3707926DDC1B300A2606A /* Release */,
			);
			defaultConfigurationIsVisible = 0;
			defaultConfigurationName = Release;
		};
		6CC3707A26DDC1B300A2606A /* Build configuration list for PBXNativeTarget "FlixTests" */ = {
			isa = XCConfigurationList;
			buildConfigurations = (
				6CC3707B26DDC1B300A2606A /* Debug */,
				6CC3707C26DDC1B300A2606A /* Release */,
			);
			defaultConfigurationIsVisible = 0;
			defaultConfigurationName = Release;
		};
		6CC3707D26DDC1B300A2606A /* Build configuration list for PBXNativeTarget "FlixUITests" */ = {
			isa = XCConfigurationList;
			buildConfigurations = (
				6CC3707E26DDC1B300A2606A /* Debug */,
				6CC3707F26DDC1B300A2606A /* Release */,
			);
			defaultConfigurationIsVisible = 0;
			defaultConfigurationName = Release;
		};
/* End XCConfigurationList section */

/* Begin XCRemoteSwiftPackageReference section */
		6CBDB41626E0A7800034FFA4 /* XCRemoteSwiftPackageReference "AlamofireImage" */ = {
			isa = XCRemoteSwiftPackageReference;
			repositoryURL = "https://github.com/Alamofire/AlamofireImage";
			requirement = {
				kind = upToNextMajorVersion;
				minimumVersion = 4.2.0;
			};
		};
/* End XCRemoteSwiftPackageReference section */

/* Begin XCSwiftPackageProductDependency section */
		6CBDB41726E0A7800034FFA4 /* AlamofireImage */ = {
			isa = XCSwiftPackageProductDependency;
			package = 6CBDB41626E0A7800034FFA4 /* XCRemoteSwiftPackageReference "AlamofireImage" */;
			productName = AlamofireImage;
		};
/* End XCSwiftPackageProductDependency section */
	};
	rootObject = 6CC3704526DDC1B000A2606A /* Project object */;
}
